github.com/beefsack/go-astar v0.0.0-20200827232313-4ecf9e304482 h1:p4g4uok3+r6Tg6fxXEQUAcMAX/WdK6WhkQW9s0jaT7k=
github.com/beefsack/go-astar v0.0.0-20200827232313-4ecf9e304482/go.mod h1:Cu3t5VeqE8kXjUBeNXWQprfuaP5UCIc5ggGjgMx9KFc=
github.com/dominikbraun/graph v0.15.0 h1:U6N0fWJTDsUO9R5NhFE1Xi0YGGQ1+nKV9KO5apClf3E=
github.com/dominikbraun/graph v0.15.0/go.mod h1:yOjYyogZLY1LSG9E33JWZJiq5k83Qy2C6POAuiViluc=
github.com/yourbasic/graph v0.0.0-20210606180040-8ecfec1c2869 h1:7v7L5lsfw4w8iqBBXETukHo4IPltmD+mWoLRYUmeGN8=
github.com/yourbasic/graph v0.0.0-20210606180040-8ecfec1c2869/go.mod h1:Rfzr+sqaDreiCaoQbFCu3sTXxeFq/9kXRuyOoSlGQHE=
github.com/zyedidia/generic v1.2.0 h1:FqmwImOpNLlru0UVbamNk5omCHWmXcs+om4+Dh6KLC8=
github.com/zyedidia/generic v1.2.0/go.mod h1:ly2RBz4mnz1yeuVbQA/VFwGjK3mnHGRj1JuoG336Bis=
golang.org/x/exp v0.0.0-20221204150635-6dcec336b2bb h1:QIsP/NmClBICkqnJ4rSIhnrGiGR7Yv9ZORGGnmmLTPk=
golang.org/x/exp v0.0.0-20221204150635-6dcec336b2bb/go.mod h1:CxIveKay+FTh1D0yPZemJVgC/95VzuuOLq5Qi4xnoYc=
